
Microsoft Visual Studio Solution File, Format Version 12.00
# Visual Studio Version 17
VisualStudioVersion = 17.13.35825.156 d17.13
MinimumVisualStudioVersion = 10.0.40219.1
Project("{FAE04EC0-301F-11D3-BF4B-00C04F79EFBC}") = "Task_5", "Task_5\Task_5.csproj", "{7609D203-0FA1-4DBE-9549-04562D495688}"
EndProject
Global
	GlobalSection(SolutionConfigurationPlatforms) = preSolution
		Debug|Any CPU = Debug|Any CPU
		Release|Any CPU = Release|Any CPU
	EndGlobalSection
	GlobalSection(ProjectConfigurationPlatforms) = postSolution
		{7609D203-0FA1-4DBE-9549-04562D495688}.Debug|Any CPU.ActiveCfg = Debug|Any CPU
		{7609D203-0FA1-4DBE-9549-04562D495688}.Debug|Any CPU.Build.0 = Debug|Any CPU
		{7609D203-0FA1-4DBE-9549-04562D495688}.Release|Any CPU.ActiveCfg = Release|Any CPU
		{7609D203-0FA1-4DBE-9549-04562D495688}.Release|Any CPU.Build.0 = Release|Any CPU
	EndGlobalSection
	GlobalSection(SolutionProperties) = preSolution
		HideSolutionNode = FALSE
	EndGlobalSection
	GlobalSection(ExtensibilityGlobals) = postSolution
		SolutionGuid = {DF2F80F6-AB35-42E0-8CE6-E3B2328BD33A}
	EndGlobalSection
EndGlobal
